
Microsoft Visual Studio Solution File, Format Version 12.00
# Visual Studio Version 17
VisualStudioVersion = 17.8.34316.72
MinimumVisualStudioVersion = 10.0.40219.1
Project("{FAE04EC0-301F-11D3-BF4B-00C04F79EFBC}") = "MusicManagementSystem", "MusicManagementSystem\MusicManagementSystem.csproj", "{C6A51FAD-ED3A-4962-A069-EE581630E256}"
EndProject
Global
	GlobalSection(SolutionConfigurationPlatforms) = preSolution
		Debug|Any CPU = Debug|Any CPU
		Release|Any CPU = Release|Any CPU
	EndGlobalSection
	GlobalSection(ProjectConfigurationPlatforms) = postSolution
		{C6A51FAD-ED3A-4962-A069-EE581630E256}.Debug|Any CPU.ActiveCfg = Debug|Any CPU
		{C6A51FAD-ED3A-4962-A069-EE581630E256}.Debug|Any CPU.Build.0 = Debug|Any CPU
		{C6A51FAD-ED3A-4962-A069-EE581630E256}.Release|Any CPU.ActiveCfg = Release|Any CPU
		{C6A51FAD-ED3A-4962-A069-EE581630E256}.Release|Any CPU.Build.0 = Release|Any CPU
	EndGlobalSection
	GlobalSection(SolutionProperties) = preSolution
		HideSolutionNode = FALSE
	EndGlobalSection
	GlobalSection(ExtensibilityGlobals) = postSolution
		SolutionGuid = {AAAC0743-A3F4-4F2F-970D-CF4AD3CE028C}
	EndGlobalSection
EndGlobal
